{
	"name": "notifications",
	"version": "1.0.0",
	"lockfileVersion": 1,
	"requires": true,
	"dependencies": {
		"buffer-writer": {
			"version": "1.0.0",
			"resolved": "https://registry.npmjs.org/buffer-writer/-/buffer-writer-1.0.0.tgz",
			"integrity": "sha1-bCnDst6gyeRVofJhoZmkigT4iwg="
		},
		"compress-buffer": {
			"version": "1.2.0",
			"resolved": "https://registry.npmjs.org/compress-buffer/-/compress-buffer-1.2.0.tgz",
			"integrity": "sha1-BietQFa31f4JB98dgNmI8clLmsA="
		},
		"core": {
			"version": "1.0.0",
			"resolved": "https://registry.npmjs.org/core/-/core-1.0.0.tgz",
			"integrity": "sha1-3v0Ge4RvY8LQVKNi5zinUqy/nM0=",
			"requires": {
				"compress-buffer": "1.2.0",
				"iconv": "2.0.6",
				"knox": "0.0.9",
				"libyaml": "0.2.2",
				"mime": "1.2.4",
				"mysql": "2.0.0-alpha3",
				"pg": "1.1.0",
				"rewire": "~1.1.2",
				"stacktrace": "1.1.0",
				"uriparser": ">= 1.3.0"
			}
		},
		"generic-pool": {
			"version": "2.0.2",
			"resolved": "https://registry.npmjs.org/generic-pool/-/generic-pool-2.0.2.tgz",
			"integrity": "sha1-YBXerdTOFX2074PKrJmE6JsQCRI="
		},
		"hoist-non-react-statics": {
			"version": "2.5.5",
			"resolved": "https://registry.npmjs.org/hoist-non-react-statics/-/hoist-non-react-statics-2.5.5.tgz",
			"integrity": "sha512-rqcy4pJo55FTTLWt+bU8ukscqHeE/e9KWvsOW2b/a3afxQZhwkQdT1rPPCJ0rYXdj4vNcasY8zHTH+jF/qStxw=="
		},
		"iconv": {
			"version": "2.0.6",
			"resolved": "https://registry.npmjs.org/iconv/-/iconv-2.0.6.tgz",
			"integrity": "sha1-xJKlY9WrwaNNcv+fdRmpfrQhc2E="
		},
		"invariant": {
			"version": "2.2.4",
			"resolved": "https://registry.npmjs.org/invariant/-/invariant-2.2.4.tgz",
			"integrity": "sha512-phJfQVBuaJM5raOpJjSfkiD6BpbCE4Ns//LaXl6wGYtUBY83nWS6Rf9tXm2e8VaK60JEjYldbPif/A2B1C2gNA==",
			"requires": {
				"loose-envify": "^1.0.0"
			}
		},
		"js-tokens": {
			"version": "4.0.0",
			"resolved": "https://registry.npmjs.org/js-tokens/-/js-tokens-4.0.0.tgz",
			"integrity": "sha512-RdJUflcE3cUzKiMqQgsCu06FPu9UdIJO0beYbPhHN4k6apgJtifcoCtT9bcxOpYBtpD2kCM6Sbzg4CausW/PKQ=="
		},
		"knox": {
			"version": "0.0.9",
			"resolved": "https://registry.npmjs.org/knox/-/knox-0.0.9.tgz",
			"integrity": "sha1-2bTem64fJq8CVNUCudqQwyyLZ60="
		},
		"libyaml": {
			"version": "0.2.2",
			"resolved": "https://registry.npmjs.org/libyaml/-/libyaml-0.2.2.tgz",
			"integrity": "sha1-oi1faZkRtrYi1twyP7YjIMh3ycg="
		},
		"lodash": {
			"version": "4.17.15",
			"resolved": "https://registry.npmjs.org/lodash/-/lodash-4.17.15.tgz",
			"integrity": "sha512-8xOcRHvCjnocdS5cpwXQXVzmmh5e5+saE2QGoeQmbKmRS6J3VQppPOIt0MnmE+4xlZoumy0GPG0D0MVIQbNA1A=="
		},
		"lodash-es": {
			"version": "4.17.10",
			"resolved": "https://registry.npmjs.org/lodash-es/-/lodash-es-4.17.10.tgz",
			"integrity": "sha512-iesFYPmxYYGTcmQK0sL8bX3TGHyM6b2qREaB4kamHfQyfPJP0xgoGxp19nsH16nsfquLdiyKyX3mQkfiSGV8Rg=="
		},
		"loose-envify": {
			"version": "1.4.0",
			"resolved": "https://registry.npmjs.org/loose-envify/-/loose-envify-1.4.0.tgz",
			"integrity": "sha512-lyuxPGr/Wfhrlem2CL/UcnUc1zcqKAImBDzukY7Y5F/yQiNdko6+fRLevlw1HgMySw7f611UIY408EtxRSoK3Q==",
			"requires": {
				"js-tokens": "^3.0.0 || ^4.0.0"
			}
		},
		"mime": {
			"version": "1.2.4",
			"resolved": "https://registry.npmjs.org/mime/-/mime-1.2.4.tgz",
			"integrity": "sha1-EbX9rynCUJJVF2uArVIClPXekrc="
		},
		"mysql": {
			"version": "2.0.0-alpha3",
			"resolved": "https://registry.npmjs.org/mysql/-/mysql-2.0.0-alpha3.tgz",
			"integrity": "sha1-zgAldZG4fZxMZ7BEVMa3G1SgueQ=",
			"requires": {
				"require-all": "0.0.3"
			}
		},
		"nan": {
			"version": "2.14.0",
			"resolved": "https://registry.npmjs.org/nan/-/nan-2.14.0.tgz",
			"integrity": "sha512-INOFj37C7k3AfaNTtX8RhsTw7qRy7eLET14cROi9+5HAVbbHuIWUHEauBv5qT4Av2tWasiTY1Jw6puUNqRJXQg=="
		},
		"object-assign": {
			"version": "4.1.1",
			"resolved": "https://registry.npmjs.org/object-assign/-/object-assign-4.1.1.tgz",
			"integrity": "sha1-IQmtx5ZYh8/AXLvUQsrIv7s2CGM="
		},
		"pg": {
			"version": "1.1.0",
			"resolved": "https://registry.npmjs.org/pg/-/pg-1.1.0.tgz",
			"integrity": "sha1-TQ//VpbTWCaQ8SPCCz5TovCgn3E=",
			"requires": {
				"buffer-writer": "1.0.0",
				"generic-pool": "2.0.2"
			}
		},
		"prop-types": {
			"version": "15.6.2",
			"resolved": "https://registry.npmjs.org/prop-types/-/prop-types-15.6.2.tgz",
			"integrity": "sha512-3pboPvLiWD7dkI3qf3KbUe6hKFKa52w+AE0VCqECtf+QHAKgOL37tTaNCnuX1nAAQ4ZhyP+kYVKf8rLmJ/feDQ==",
			"requires": {
				"loose-envify": "^1.3.1",
				"object-assign": "^4.1.1"
			}
		},
		"react-redux": {
			"version": "5.0.7",
			"resolved": "https://registry.npmjs.org/react-redux/-/react-redux-5.0.7.tgz",
			"integrity": "sha512-5VI8EV5hdgNgyjfmWzBbdrqUkrVRKlyTKk1sGH3jzM2M2Mhj/seQgPXaz6gVAj2lz/nz688AdTqMO18Lr24Zhg==",
			"requires": {
				"hoist-non-react-statics": "^2.5.0",
				"invariant": "^2.0.0",
				"lodash": "^4.17.5",
				"lodash-es": "^4.17.5",
				"loose-envify": "^1.1.0",
				"prop-types": "^15.6.0"
			}
		},
		"redux": {
			"version": "3.7.2",
			"resolved": "https://registry.npmjs.org/redux/-/redux-3.7.2.tgz",
			"integrity": "sha512-pNqnf9q1hI5HHZRBkj3bAngGZW/JMCmexDlOxw4XagXY2o1327nHH54LoTjiPJ0gizoqPDRqWyX/00g0hD6w+A==",
			"requires": {
				"lodash": "^4.2.1",
				"lodash-es": "^4.2.1",
				"loose-envify": "^1.1.0",
				"symbol-observable": "^1.0.3"
			}
		},
		"require-all": {
			"version": "0.0.3",
			"resolved": "https://registry.npmjs.org/require-all/-/require-all-0.0.3.tgz",
			"integrity": "sha1-BR4ZIkbADTmb/mFkvE6BC8WI4Bo="
		},
		"rewire": {
			"version": "1.1.3",
			"resolved": "https://registry.npmjs.org/rewire/-/rewire-1.1.3.tgz",
			"integrity": "sha1-MryWiKgWzsUO3JQUvXSMoQYVGTs="
		},
		"stacktrace": {
			"version": "1.1.0",
			"resolved": "https://registry.npmjs.org/stacktrace/-/stacktrace-1.1.0.tgz",
			"integrity": "sha1-7tWSmTDccOXUxmlQiTRQnqH86NY="
		},
		"symbol-observable": {
			"version": "1.2.0",
			"resolved": "https://registry.npmjs.org/symbol-observable/-/symbol-observable-1.2.0.tgz",
			"integrity": "sha512-e900nM8RRtGhlV36KGEU9k65K3mPb1WV70OdjfxlG2EAuM1noi/E/BaW/uMhL7bPEssK8QV57vN3esixjUvcXQ=="
		},
		"uriparser": {
			"version": "2.3.1",
			"resolved": "https://registry.npmjs.org/uriparser/-/uriparser-2.3.1.tgz",
			"integrity": "sha512-r6/02c6BiRmfJO4pS/IaY7ZH9swkMAew4ETxd8pYaNjTIZAFTBohDmKueqZtPcTgtfjZUCAJkfHgT8ba1U4ppw==",
			"requires": {
				"nan": "~2.14.0"
			}
		}
	}
}
